// !$*UTF8*$!
{
	archiveVersion = 1;
	classes = {
	};
	objectVersion = 46;
	objects = {

/* Begin PBXBuildFile section */
		4D72238D1B0E778600DB1B6D /* main.swift in Sources */ = {isa = PBXBuildFile; fileRef = 4D72238C1B0E778600DB1B6D /* main.swift */; };
		4D7223941B0E77AC00DB1B6D /* Cederic.swift in Sources */ = {isa = PBXBuildFile; fileRef = 4D7223931B0E77AC00DB1B6D /* Cederic.swift */; };
		4D7223961B0E782200DB1B6D /* Readme.md in Sources */ = {isa = PBXBuildFile; fileRef = 4D7223951B0E782200DB1B6D /* Readme.md */; };
		4D7223A01B0F09CD00DB1B6D /* CedericTests.swift in Sources */ = {isa = PBXBuildFile; fileRef = 4D72239F1B0F09CD00DB1B6D /* CedericTests.swift */; };
		4D7223A41B0F09D600DB1B6D /* Cederic.swift in Sources */ = {isa = PBXBuildFile; fileRef = 4D7223931B0E77AC00DB1B6D /* Cederic.swift */; };
/* End PBXBuildFile section */

/* Begin PBXCopyFilesBuildPhase section */
		4D7223871B0E778600DB1B6D /* CopyFiles */ = {
			isa = PBXCopyFilesBuildPhase;
			buildActionMask = 2147483647;
			dstPath = /usr/share/man/man1/;
			dstSubfolderSpec = 0;
			files = (
			);
			runOnlyForDeploymentPostprocessing = 1;
		};
/* End PBXCopyFilesBuildPhase section */

/* Begin PBXFileReference section */
		4D7223891B0E778600DB1B6D /* Cederic */ = {isa = PBXFileReference; explicitFileType = "compiled.mach-o.executable"; includeInIndex = 0; path = Cederic; sourceTree = BUILT_PRODUCTS_DIR; };
		4D72238C1B0E778600DB1B6D /* main.swift */ = {isa = PBXFileReference; lastKnownFileType = sourcecode.swift; path = main.swift; sourceTree = "<group>"; };
		4D7223931B0E77AC00DB1B6D /* Cederic.swift */ = {isa = PBXFileReference; fileEncoding = 4; lastKnownFileType = sourcecode.swift; path = Cederic.swift; sourceTree = "<group>"; };
		4D7223951B0E782200DB1B6D /* Readme.md */ = {isa = PBXFileReference; fileEncoding = 4; lastKnownFileType = net.daringfireball.markdown; path = Readme.md; sourceTree = SOURCE_ROOT; };
		4D72239B1B0F09CD00DB1B6D /* CedericTests.xctest */ = {isa = PBXFileReference; explicitFileType = wrapper.cfbundle; includeInIndex = 0; path = CedericTests.xctest; sourceTree = BUILT_PRODUCTS_DIR; };
		4D72239E1B0F09CD00DB1B6D /* Info.plist */ = {isa = PBXFileReference; lastKnownFileType = text.plist.xml; path = Info.plist; sourceTree = "<group>"; };
		4D72239F1B0F09CD00DB1B6D /* CedericTests.swift */ = {isa = PBXFileReference; lastKnownFileType = sourcecode.swift; path = CedericTests.swift; sourceTree = "<group>"; };
/* End PBXFileReference section */

/* Begin PBXFrameworksBuildPhase section */
		4D7223861B0E778600DB1B6D /* Frameworks */ = {
			isa = PBXFrameworksBuildPhase;
			buildActionMask = 2147483647;
			files = (
			);
			runOnlyForDeploymentPostprocessing = 0;
		};
		4D7223981B0F09CD00DB1B6D /* Frameworks */ = {
			isa = PBXFrameworksBuildPhase;
			buildActionMask = 2147483647;
			files = (
			);
			runOnlyForDeploymentPostprocessing = 0;
		};
/* End PBXFrameworksBuildPhase section */

/* Begin PBXGroup section */
		4D7223801B0E778600DB1B6D = {
			isa = PBXGroup;
			children = (
				4D72238B1B0E778600DB1B6D /* Cederic */,
				4D72239C1B0F09CD00DB1B6D /* CedericTests */,
				4D72238A1B0E778600DB1B6D /* Products */,
			);
			sourceTree = "<group>";
		};
		4D72238A1B0E778600DB1B6D /* Products */ = {
			isa = PBXGroup;
			children = (
				4D7223891B0E778600DB1B6D /* Cederic */,
				4D72239B1B0F09CD00DB1B6D /* CedericTests.xctest */,
			);
			name = Products;
			sourceTree = "<group>";
		};
		4D72238B1B0E778600DB1B6D /* Cederic */ = {
			isa = PBXGroup;
			children = (
				4D72238C1B0E778600DB1B6D /* main.swift */,
				4D7223931B0E77AC00DB1B6D /* Cederic.swift */,
				4D7223951B0E782200DB1B6D /* Readme.md */,
			);
			path = Cederic;
			sourceTree = "<group>";
		};
		4D72239C1B0F09CD00DB1B6D /* CedericTests */ = {
			isa = PBXGroup;
			children = (
				4D72239F1B0F09CD00DB1B6D /* CedericTests.swift */,
				4D72239D1B0F09CD00DB1B6D /* Supporting Files */,
			);
			path = CedericTests;
			sourceTree = "<group>";
		};
		4D72239D1B0F09CD00DB1B6D /* Supporting Files */ = {
			isa = PBXGroup;
			children = (
				4D72239E1B0F09CD00DB1B6D /* Info.plist */,
			);
			name = "Supporting Files";
			sourceTree = "<group>";
		};
/* End PBXGroup section */

/* Begin PBXNativeTarget section */
		4D7223881B0E778600DB1B6D /* Cederic */ = {
			isa = PBXNativeTarget;
			buildConfigurationList = 4D7223901B0E778600DB1B6D /* Build configuration list for PBXNativeTarget "Cederic" */;
			buildPhases = (
				4D7223851B0E778600DB1B6D /* Sources */,
				4D7223861B0E778600DB1B6D /* Frameworks */,
				4D7223871B0E778600DB1B6D /* CopyFiles */,
			);
			buildRules = (
			);
			dependencies = (
			);
			name = Cederic;
			productName = Cederic;
			productReference = 4D7223891B0E778600DB1B6D /* Cederic */;
			productType = "com.apple.product-type.tool";
		};
		4D72239A1B0F09CD00DB1B6D /* CedericTests */ = {
			isa = PBXNativeTarget;
			buildConfigurationList = 4D7223A11B0F09CD00DB1B6D /* Build configuration list for PBXNativeTarget "CedericTests" */;
			buildPhases = (
				4D7223971B0F09CD00DB1B6D /* Sources */,
				4D7223981B0F09CD00DB1B6D /* Frameworks */,
				4D7223991B0F09CD00DB1B6D /* Resources */,
			);
			buildRules = (
			);
			dependencies = (
			);
			name = CedericTests;
			productName = CedericTests;
			productReference = 4D72239B1B0F09CD00DB1B6D /* CedericTests.xctest */;
			productType = "com.apple.product-type.bundle.unit-test";
		};
/* End PBXNativeTarget section */

/* Begin PBXProject section */
		4D7223811B0E778600DB1B6D /* Project object */ = {
			isa = PBXProject;
			attributes = {
				LastUpgradeCheck = 0630;
				ORGANIZATIONNAME = "Benedikt Terhechte";
				TargetAttributes = {
					4D7223881B0E778600DB1B6D = {
						CreatedOnToolsVersion = 6.3.1;
					};
					4D72239A1B0F09CD00DB1B6D = {
						CreatedOnToolsVersion = 6.3.1;
					};
				};
			};
			buildConfigurationList = 4D7223841B0E778600DB1B6D /* Build configuration list for PBXProject "Cederic" */;
			compatibilityVersion = "Xcode 3.2";
			developmentRegion = English;
			hasScannedForEncodings = 0;
			knownRegions = (
				en,
			);
			mainGroup = 4D7223801B0E778600DB1B6D;
			productRefGroup = 4D72238A1B0E778600DB1B6D /* Products */;
			projectDirPath = "";
			projectRoot = "";
			targets = (
				4D7223881B0E778600DB1B6D /* Cederic */,
				4D72239A1B0F09CD00DB1B6D /* CedericTests */,
			);
		};
/* End PBXProject section */

/* Begin PBXResourcesBuildPhase section */
		4D7223991B0F09CD00DB1B6D /* Resources */ = {
			isa = PBXResourcesBuildPhase;
			buildActionMask = 2147483647;
			files = (
			);
			runOnlyForDeploymentPostprocessing = 0;
		};
/* End PBXResourcesBuildPhase section */

/* Begin PBXSourcesBuildPhase section */
		4D7223851B0E778600DB1B6D /* Sources */ = {
			isa = PBXSourcesBuildPhase;
			buildActionMask = 2147483647;
			files = (
				4D72238D1B0E778600DB1B6D /* main.swift in Sources */,
				4D7223941B0E77AC00DB1B6D /* Cederic.swift in Sources */,
				4D7223961B0E782200DB1B6D /* Readme.md in Sources */,
			);
			runOnlyForDeploymentPostprocessing = 0;
		};
		4D7223971B0F09CD00DB1B6D /* Sources */ = {
			isa = PBXSourcesBuildPhase;
			buildActionMask = 2147483647;
			files = (
				4D7223A01B0F09CD00DB1B6D /* CedericTests.swift in Sources */,
				4D7223A41B0F09D600DB1B6D /* Cederic.swift in Sources */,
			);
			runOnlyForDeploymentPostprocessing = 0;
		};
/* End PBXSourcesBuildPhase section */

/* Begin XCBuildConfiguration section */
		4D72238E1B0E778600DB1B6D /* Debug */ = {
			isa = XCBuildConfiguration;
			buildSettings = {
				ALWAYS_SEARCH_USER_PATHS = NO;
				CLANG_CXX_LANGUAGE_STANDARD = "gnu++0x";
				CLANG_CXX_LIBRARY = "libc++";
				CLANG_ENABLE_MODULES = YES;
				CLANG_ENABLE_OBJC_ARC = YES;
				CLANG_WARN_BOOL_CONVERSION = YES;
				CLANG_WARN_CONSTANT_CONVERSION = YES;
				CLANG_WARN_DIRECT_OBJC_ISA_USAGE = YES_ERROR;
				CLANG_WARN_EMPTY_BODY = YES;
				CLANG_WARN_ENUM_CONVERSION = YES;
				CLANG_WARN_INT_CONVERSION = YES;
				CLANG_WARN_OBJC_ROOT_CLASS = YES_ERROR;
				CLANG_WARN_UNREACHABLE_CODE = YES;
				CLANG_WARN__DUPLICATE_METHOD_MATCH = YES;
				COPY_PHASE_STRIP = NO;
				DEBUG_INFORMATION_FORMAT = dwarf;
				ENABLE_STRICT_OBJC_MSGSEND = YES;
				GCC_C_LANGUAGE_STANDARD = gnu99;
				GCC_DYNAMIC_NO_PIC = NO;
				GCC_NO_COMMON_BLOCKS = YES;
				GCC_OPTIMIZATION_LEVEL = 0;
				GCC_PREPROCESSOR_DEFINITIONS = (
					"DEBUG=1",
					"$(inherited)",
				);
				GCC_SYMBOLS_PRIVATE_EXTERN = NO;
				GCC_WARN_64_TO_32_BIT_CONVERSION = YES;
				GCC_WARN_ABOUT_RETURN_TYPE = YES_ERROR;
				GCC_WARN_UNDECLARED_SELECTOR = YES;
				GCC_WARN_UNINITIALIZED_AUTOS = YES_AGGRESSIVE;
				GCC_WARN_UNUSED_FUNCTION = YES;
				GCC_WARN_UNUSED_VARIABLE = YES;
				MACOSX_DEPLOYMENT_TARGET = 10.10;
				MTL_ENABLE_DEBUG_INFO = YES;
				ONLY_ACTIVE_ARCH = YES;
				SDKROOT = macosx;
				SWIFT_OPTIMIZATION_LEVEL = "-Onone";
			};
			name = Debug;
		};
		4D72238F1B0E778600DB1B6D /* Release */ = {
			isa = XCBuildConfiguration;
			buildSettings = {
				ALWAYS_SEARCH_USER_PATHS = NO;
				CLANG_CXX_LANGUAGE_STANDARD = "gnu++0x";
				CLANG_CXX_LIBRARY = "libc++";
				CLANG_ENABLE_MODULES = YES;
				CLANG_ENABLE_OBJC_ARC = YES;
				CLANG_WARN_BOOL_CONVERSION = YES;
				CLANG_WARN_CONSTANT_CONVERSION = YES;
				CLANG_WARN_DIRECT_OBJC_ISA_USAGE = YES_ERROR;
				CLANG_WARN_EMPTY_BODY = YES;
				CLANG_WARN_ENUM_CONVERSION = YES;
				CLANG_WARN_INT_CONVERSION = YES;
				CLANG_WARN_OBJC_ROOT_CLASS = YES_ERROR;
				CLANG_WARN_UNREACHABLE_CODE = YES;
				CLANG_WARN__DUPLICATE_METHOD_MATCH = YES;
				COPY_PHASE_STRIP = NO;
				DEBUG_INFORMATION_FORMAT = "dwarf-with-dsym";
				ENABLE_NS_ASSERTIONS = NO;
				ENABLE_STRICT_OBJC_MSGSEND = YES;
				GCC_C_LANGUAGE_STANDARD = gnu99;
				GCC_NO_COMMON_BLOCKS = YES;
				GCC_WARN_64_TO_32_BIT_CONVERSION = YES;
				GCC_WARN_ABOUT_RETURN_TYPE = YES_ERROR;
				GCC_WARN_UNDECLARED_SELECTOR = YES;
				GCC_WARN_UNINITIALIZED_AUTOS = YES_AGGRESSIVE;
				GCC_WARN_UNUSED_FUNCTION = YES;
				GCC_WARN_UNUSED_VARIABLE = YES;
				MACOSX_DEPLOYMENT_TARGET = 10.10;
				MTL_ENABLE_DEBUG_INFO = NO;
				SDKROOT = macosx;
			};
			name = Release;
		};
		4D7223911B0E778600DB1B6D /* Debug */ = {
			isa = XCBuildConfiguration;
			buildSettings = {
				PRODUCT_NAME = "$(TARGET_NAME)";
			};
			name = Debug;
		};
		4D7223921B0E778600DB1B6D /* Release */ = {
			isa = XCBuildConfiguration;
			buildSettings = {
				PRODUCT_NAME = "$(TARGET_NAME)";
			};
			name = Release;
		};
		4D7223A21B0F09CD00DB1B6D /* Debug */ = {
			isa = XCBuildConfiguration;
			buildSettings = {
				COMBINE_HIDPI_IMAGES = YES;
				FRAMEWORK_SEARCH_PATHS = (
					"$(DEVELOPER_FRAMEWORKS_DIR)",
					"$(inherited)",
				);
				GCC_PREPROCESSOR_DEFINITIONS = (
					"DEBUG=1",
					"$(inherited)",
				);
				INFOPLIST_FILE = CedericTests/Info.plist;
				LD_RUNPATH_SEARCH_PATHS = "$(inherited) @executable_path/../Frameworks @loader_path/../Frameworks";
				PRODUCT_NAME = "$(TARGET_NAME)";
			};
			name = Debug;
		};
		4D7223A31B0F09CD00DB1B6D /* Release */ = {
			isa = XCBuildConfiguration;
			buildSettings = {
				COMBINE_HIDPI_IMAGES = YES;
				FRAMEWORK_SEARCH_PATHS = (
					"$(DEVELOPER_FRAMEWORKS_DIR)",
					"$(inherited)",
				);
				INFOPLIST_FILE = CedericTests/Info.plist;
				LD_RUNPATH_SEARCH_PATHS = "$(inherited) @executable_path/../Frameworks @loader_path/../Frameworks";
				PRODUCT_NAME = "$(TARGET_NAME)";
			};
			name = Release;
		};
/* End XCBuildConfiguration section */

/* Begin XCConfigurationList section */
		4D7223841B0E778600DB1B6D /* Build configuration list for PBXProject "Cederic" */ = {
			isa = XCConfigurationList;
			buildConfigurations = (
				4D72238E1B0E778600DB1B6D /* Debug */,
				4D72238F1B0E778600DB1B6D /* Release */,
			);
			defaultConfigurationIsVisible = 0;
			defaultConfigurationName = Release;
		};
		4D7223901B0E778600DB1B6D /* Build configuration list for PBXNativeTarget "Cederic" */ = {
			isa = XCConfigurationList;
			buildConfigurations = (
				4D7223911B0E778600DB1B6D /* Debug */,
				4D7223921B0E778600DB1B6D /* Release */,
			);
			defaultConfigurationIsVisible = 0;
		};
		4D7223A11B0F09CD00DB1B6D /* Build configuration list for PBXNativeTarget "CedericTests" */ = {
			isa = XCConfigurationList;
			buildConfigurations = (
				4D7223A21B0F09CD00DB1B6D /* Debug */,
				4D7223A31B0F09CD00DB1B6D /* Release */,
			);
			defaultConfigurationIsVisible = 0;
		};
/* End XCConfigurationList section */
	};
	rootObject = 4D7223811B0E778600DB1B6D /* Project object */;
}
